# This file is generated by running "yarn install" inside your project.
# Manual changes might be lost - proceed with caution!

__metadata:
  version: 4

"@equisoft/eslint-config-react@workspace:.":
  version: 0.0.0-use.local
  resolution: "@equisoft/eslint-config-react@workspace:."
  dependencies:
    "@equisoft/eslint-config": ^0.0.5
    object.assign: ^4.1.0
    object.entries: ^1.0.4
  peerDependencies:
    eslint: ^5.3.0
    eslint-plugin-import: ^2.14.0
    eslint-plugin-react: ^7.11.0
  languageName: unknown
  linkType: soft

"@equisoft/eslint-config@npm:^0.0.5":
  version: 0.0.5
  resolution: "@equisoft/eslint-config@npm:0.0.5"
  peerDependencies:
    eslint: ^5.3.0
    eslint-plugin-import: ^2.16.0
  checksum: 3/034ccf718b69152eeb63352c54701802c55d9a65815455c23a0085a955d226d258b9c79410dd8bd139b3842f8262bf718a57aad656e0b02d6701d567ee8fd0cf
  languageName: node
  linkType: hard

"define-properties@npm:^1.1.2, define-properties@npm:^1.1.3":
  version: 1.1.3
  resolution: "define-properties@npm:1.1.3"
  dependencies:
    object-keys: ^1.0.12
  checksum: 3/b69c48c1b1dacb61f0b1cea367707c3bb214e3c47818aff18e6f20a7f88cbfa33d4cbdfd9ff79e56faba95ddca3d78ff10fbf2f02ecfad6f3e13b256e76b1212
  languageName: node
  linkType: hard

"es-abstract@npm:^1.17.5":
  version: 1.17.5
  resolution: "es-abstract@npm:1.17.5"
  dependencies:
    es-to-primitive: ^1.2.1
    function-bind: ^1.1.1
    has: ^1.0.3
    has-symbols: ^1.0.1
    is-callable: ^1.1.5
    is-regex: ^1.0.5
    object-inspect: ^1.7.0
    object-keys: ^1.1.1
    object.assign: ^4.1.0
    string.prototype.trimleft: ^2.1.1
    string.prototype.trimright: ^2.1.1
  checksum: 3/83b0ce528072f37174182548d73e18d1b02fa6bddf0d675e81de77b23f4c6f4908f4d1bd5835fcae9f5d91051533afafd841482dafa21b111eaf52160a08b837
  languageName: node
  linkType: hard

"es-to-primitive@npm:^1.2.1":
  version: 1.2.1
  resolution: "es-to-primitive@npm:1.2.1"
  dependencies:
    is-callable: ^1.1.4
    is-date-object: ^1.0.1
    is-symbol: ^1.0.2
  checksum: 3/d20b7be268b84662469972ec7265a57d4d6a65b9bf2b73f040d75e14f9f6dbe266a1a88579162e11349f9cb70eaa17640efb515c90dab19745a904b680b14be3
  languageName: node
  linkType: hard

"function-bind@npm:^1.1.1":
  version: 1.1.1
  resolution: "function-bind@npm:1.1.1"
  checksum: 3/ffad86e7d2010ba179aaa6a3987d2cc0ed48fa92d27f1ed84bfa06d14f77deeed5bfbae7f00bdebc0c54218392cab2b18ecc080e2c72f592431927b87a27d42b
  languageName: node
  linkType: hard

"has-symbols@npm:^1.0.0, has-symbols@npm:^1.0.1":
  version: 1.0.1
  resolution: "has-symbols@npm:1.0.1"
  checksum: 3/84e2a03ada6f530f0c1ebea64df5932556ac20a4b78998f1f2b5dd0cf736843e8082c488b0ea7f08b9aec72fb6d8b736beed2fd62fac60dcaebfdc0b8d2aa7ac
  languageName: node
  linkType: hard

"has@npm:^1.0.3":
  version: 1.0.3
  resolution: "has@npm:1.0.3"
  dependencies:
    function-bind: ^1.1.1
  checksum: 3/c686e15300d41364486c099a9259d9c418022c294244843dcd712c4c286ff839d4f23a25413baa28c4d2c1e828afc2aaab70f685400b391533980223c71fa1ca
  languageName: node
  linkType: hard

"is-callable@npm:^1.1.4, is-callable@npm:^1.1.5":
  version: 1.1.5
  resolution: "is-callable@npm:1.1.5"
  checksum: 3/e77885498dc68297933cfcf2b93da039936216a6423698dfbad33fdabd4e79f3298f30d505424e5f52d8acebc1223a1a0a0ab98435b92dbd55d7713be012719e
  languageName: node
  linkType: hard

"is-date-object@npm:^1.0.1":
  version: 1.0.2
  resolution: "is-date-object@npm:1.0.2"
  checksum: 3/0e322699464a99da638c8a583b74dfb791732b6bc9c102bc0b7ac6303d83c86b9935f19b8d2ed4de52092241190c8826b099cb31972dea49a99b755293c0b1cf
  languageName: node
  linkType: hard

"is-regex@npm:^1.0.5":
  version: 1.0.5
  resolution: "is-regex@npm:1.0.5"
  dependencies:
    has: ^1.0.3
  checksum: 3/2f3b1fdb16044c6d1cc8d3a617cf1ff8637fe6958991e2805ba8eb01bdc76be6032ccd7fde12e81c39c5e70b0d556cdc7ba2a3a92f096d4e788f764bded2eca0
  languageName: node
  linkType: hard

"is-symbol@npm:^1.0.2":
  version: 1.0.3
  resolution: "is-symbol@npm:1.0.3"
  dependencies:
    has-symbols: ^1.0.1
  checksum: 3/753aa0cf95069387521b110c6646df4e0b5cce76cf604521c26b4f5d30a997a95036ed5930c0cca9e850ac6fccb04de551cc95aab71df471ee88e04ed1a96f21
  languageName: node
  linkType: hard

"object-inspect@npm:^1.7.0":
  version: 1.7.0
  resolution: "object-inspect@npm:1.7.0"
  checksum: 3/9f479ca1002fedbf4e1c5dec908477d1a7a2dd4466af0b4cf5886d269db54d8310544dfb7670a17a4c5d6a7a3dd3c346be38ea6b3541330551900a3134dec662
  languageName: node
  linkType: hard

"object-keys@npm:^1.0.11, object-keys@npm:^1.0.12, object-keys@npm:^1.1.1":
  version: 1.1.1
  resolution: "object-keys@npm:1.1.1"
  checksum: 3/30d72d768b7f3f42144cee517b80e70c40cf39bb76f100557ffac42779613c591780135c54d8133894a78d2c0ae817e24a5891484722c6019a5cd5b58c745c66
  languageName: node
  linkType: hard

"object.assign@npm:^4.1.0":
  version: 4.1.0
  resolution: "object.assign@npm:4.1.0"
  dependencies:
    define-properties: ^1.1.2
    function-bind: ^1.1.1
    has-symbols: ^1.0.0
    object-keys: ^1.0.11
  checksum: 3/92e20891ddf04d9974f7b178ae70d198727dcd638c8a5a422f07f730f40140c4fe02451cdc9c37e9f22392e5487b9162975003a9f20b16a87b9d13fe150cf62d
  languageName: node
  linkType: hard

"object.entries@npm:^1.0.4":
  version: 1.1.2
  resolution: "object.entries@npm:1.1.2"
  dependencies:
    define-properties: ^1.1.3
    es-abstract: ^1.17.5
    has: ^1.0.3
  checksum: 3/bcde47ee0396df8bc074e3194b74d3983e3da205321836f132cc55403f26cd06cd8d677492ca35697fa4d52419428fec2e01b60a96db1c22d21f1978d37db97d
  languageName: node
  linkType: hard

"string.prototype.trimend@npm:^1.0.0":
  version: 1.0.1
  resolution: "string.prototype.trimend@npm:1.0.1"
  dependencies:
    define-properties: ^1.1.3
    es-abstract: ^1.17.5
  checksum: 3/93046463de6a3b4ae27d0622ae8795239c8d372b1be1a60122fce591bf7578b719becf00bf04326642a868bc6185f35901119b61a246509dd0dc0666b2a803ed
  languageName: node
  linkType: hard

"string.prototype.trimleft@npm:^2.1.1":
  version: 2.1.2
  resolution: "string.prototype.trimleft@npm:2.1.2"
  dependencies:
    define-properties: ^1.1.3
    es-abstract: ^1.17.5
    string.prototype.trimstart: ^1.0.0
  checksum: 3/c0b749c23b0f8621b1901e6aed83c1338af8fb5293a367e4b1065667e00ab07aa5248f19a6f5b9cb85f01c686987e0378153c066cd6901c3ea9a71d1133daaba
  languageName: node
  linkType: hard

"string.prototype.trimright@npm:^2.1.1":
  version: 2.1.2
  resolution: "string.prototype.trimright@npm:2.1.2"
  dependencies:
    define-properties: ^1.1.3
    es-abstract: ^1.17.5
    string.prototype.trimend: ^1.0.0
  checksum: 3/2c7b83c4cf487646d56ec7cd5d24dab112a0c34409b79d2fec4db111fb492ebeac507d993e228451eb56589e24b4c4cdfdcf335ff38bad85e0c34a94a74b7f6b
  languageName: node
  linkType: hard

"string.prototype.trimstart@npm:^1.0.0":
  version: 1.0.1
  resolution: "string.prototype.trimstart@npm:1.0.1"
  dependencies:
    define-properties: ^1.1.3
    es-abstract: ^1.17.5
  checksum: 3/20c4a940f1ba65b0aa5abf0c319dceba4fbf04d24553583b0b82eba2711815d1e40663ce36175ed06475701dbe797cac81be1ec1dc4bb4416b2077e8b0409036
  languageName: node
  linkType: hard
