# This file is generated by running "yarn install" inside your project.
# Manual changes might be lost - proceed with caution!

__metadata:
  version: 4

"@babel/code-frame@npm:^7.0.0":
  version: 7.0.0
  resolution: "@babel/code-frame@npm:7.0.0"
  dependencies:
    "@babel/highlight": ^7.0.0
  checksum: 3/9a0782b8b44c5189c1194639917d617d18ad34a859e2710fb939cbd24784f2c7082fd1b9681caa5e677bc2aae89774c6ffe1bdab5ae847c22db1dad8ac590ee2
  languageName: node
  linkType: hard

"@babel/highlight@npm:^7.0.0":
  version: 7.0.0
  resolution: "@babel/highlight@npm:7.0.0"
  dependencies:
    chalk: ^2.0.0
    esutils: ^2.0.2
    js-tokens: ^4.0.0
  checksum: 3/949cacbdb03d30af96993b0cdc2b499859fdc96de508b6bd9baeb3eee67ff25f87583506a46fd3202c66384533d6a159b5f77c59509cb57465d186be04f83dd9
  languageName: node
  linkType: hard

"@equisoft/eslint-config@workspace:.":
  version: 0.0.0-use.local
  resolution: "@equisoft/eslint-config@workspace:."
  dependencies:
    eslint: 5.8.0
  peerDependencies:
    eslint: ^5.3.0
    eslint-plugin-import: ^2.16.0
  languageName: unknown
  linkType: soft

"acorn-jsx@npm:^5.0.0":
  version: 5.0.0
  resolution: "acorn-jsx@npm:5.0.0"
  peerDependencies:
    acorn: ^6.0.0
  checksum: 3/612a5e3a48beaf5c4870973a0036152654b9753d29c99ef283c768f075afe59b78cef60850c58fcb2c9ec47750603d5609e17b6c6a5485be403a6a2395432a26
  languageName: node
  linkType: hard

"acorn@npm:^6.0.2":
  version: 6.0.4
  resolution: "acorn@npm:6.0.4"
  bin:
    acorn: ./bin/acorn
  checksum: 3/5db4edb485a81305ab95827ff10643c237d5bd2892f6a2ca885143696501827d2f115cf398d4b071e7790d03804a2a38dd198934ac45985a660d621fa118a14f
  languageName: node
  linkType: hard

"ajv@npm:^6.5.3":
  version: 6.5.5
  resolution: "ajv@npm:6.5.5"
  dependencies:
    fast-deep-equal: ^2.0.1
    fast-json-stable-stringify: ^2.0.0
    json-schema-traverse: ^0.4.1
    uri-js: ^4.2.2
  checksum: 3/e6282af6388d913eaf91b86c329c68cbeb619e5c5daf959e22721166ba40be9c77786e2bb939486a851470d8a9405bcce5e5f318d5e57516a3d5a4713b4808e9
  languageName: node
  linkType: hard

"ansi-escapes@npm:^3.0.0":
  version: 3.1.0
  resolution: "ansi-escapes@npm:3.1.0"
  checksum: 3/f62bb1a2e29c714475df0b3c18ddd035e33985d2676fc2f2d69243e58524098b1c6319dd2c5cfc87c82f300c2dff53c62ce18684106c74518490085457f87103
  languageName: node
  linkType: hard

"ansi-regex@npm:^3.0.0":
  version: 3.0.0
  resolution: "ansi-regex@npm:3.0.0"
  checksum: 3/2e3c40d42904366e4a1a7b906ea3ae7968179a50916dfa0fd3e59fd12333c5d95970a9a59067ac3406d97c78784d591f0b841a4efd365dafb261327ae1ea3478
  languageName: node
  linkType: hard

"ansi-styles@npm:^3.2.1":
  version: 3.2.1
  resolution: "ansi-styles@npm:3.2.1"
  dependencies:
    color-convert: ^1.9.0
  checksum: 3/456e1c23d9277512a47718da75e7fbb0a5ee215ef893c2f76d6b3efe8fceabc861121b80b0362146f5f995d21a1633f05a19bbf6283ae66ac11dc3b9c0bed779
  languageName: node
  linkType: hard

"argparse@npm:^1.0.7":
  version: 1.0.10
  resolution: "argparse@npm:1.0.10"
  dependencies:
    sprintf-js: ~1.0.2
  checksum: 3/435adaef5f6671c3ef1478a22be6fd54bdb99fdbbce8f5561b9cbbb05068ccce87b7df3b9f3322ff52a6ebb9cab2b427cbedac47a07611690a9beaa5184093e2
  languageName: node
  linkType: hard

"array-union@npm:^1.0.1":
  version: 1.0.2
  resolution: "array-union@npm:1.0.2"
  dependencies:
    array-uniq: ^1.0.1
  checksum: 3/5be2568acc80d284519ff2bed8385daa37074dccbf440d5a9ce911bcb9cf51486dd677d3f61903ba113196333d033b261c8eb901a491e15bb4e437e5c68f92c7
  languageName: node
  linkType: hard

"array-uniq@npm:^1.0.1":
  version: 1.0.3
  resolution: "array-uniq@npm:1.0.3"
  checksum: 3/ae11b7fc1e624f7ed45f7a269b521f3f9f73dbff277be9c61fe0240c497bd3fba86367753e0ebdf49bcfd3fee14f4ebab80f573545878525eb48429514a02124
  languageName: node
  linkType: hard

"arrify@npm:^1.0.0":
  version: 1.0.1
  resolution: "arrify@npm:1.0.1"
  checksum: 3/f1d3bae819f49f51a09da5f5c5ce282e79ca69bbdb32db1d9f6c62b151ef801b74398d007cfe89686e2c5aeb62576a398b9068e5172b7f4e20157aa3284076d3
  languageName: node
  linkType: hard

"balanced-match@npm:^1.0.0":
  version: 1.0.0
  resolution: "balanced-match@npm:1.0.0"
  checksum: 3/f515a605fe1b59f476f7477c5e1d53ad55b4f42982fca1d57b6701906f4ad1f1ac90fd6587d92cc1af2edb43eecf979214dd847ee410a6de9db4ebf0dd128d62
  languageName: node
  linkType: hard

"brace-expansion@npm:^1.1.7":
  version: 1.1.11
  resolution: "brace-expansion@npm:1.1.11"
  dependencies:
    balanced-match: ^1.0.0
    concat-map: 0.0.1
  checksum: 3/4c878e25e4858baf801945dfd63eb68feab2e502cf1122f25f3915c0e3bf397af3a93ff6bef0798db41c0d81ef28c08e55daac38058710f749a3b96eee6b8f40
  languageName: node
  linkType: hard

"caller-path@npm:^0.1.0":
  version: 0.1.0
  resolution: "caller-path@npm:0.1.0"
  dependencies:
    callsites: ^0.2.0
  checksum: 3/404c3005c4b131244bbd6652b9df7aa4824dae1f37cc924088bea6a7e183d34b9df0803c904021a6017163f2ede5f7248da884eb564a639ebd2e7e868bc6c76a
  languageName: node
  linkType: hard

"callsites@npm:^0.2.0":
  version: 0.2.0
  resolution: "callsites@npm:0.2.0"
  checksum: 3/715e67d590e424e39b2d4282ec3fc2b1a9813a76e0fcc5f268935c68486d2111afba08f2e8b33a5cb17745e75cb6fbeb739ab237fbe57d084a61d13c138d7131
  languageName: node
  linkType: hard

"chalk@npm:^2.0.0, chalk@npm:^2.1.0":
  version: 2.4.1
  resolution: "chalk@npm:2.4.1"
  dependencies:
    ansi-styles: ^3.2.1
    escape-string-regexp: ^1.0.5
    supports-color: ^5.3.0
  checksum: 3/4622cdba475f17904bf025e38bcdee324e5289a5d677d2d3a8ec57a7ca5d71a1a7d7db633c15ab71bab96cc54607841162ebbae64f7beb4fb07c5df0bb452199
  languageName: node
  linkType: hard

"chardet@npm:^0.7.0":
  version: 0.7.0
  resolution: "chardet@npm:0.7.0"
  checksum: 3/b71a4ee4648489291af86418b96247824a8c1ee4f4f95d6268967fb40e9fbf70500e72fb737d5186a23cf98c8a02b91d68cb2f426d7428e92883af9d31a037ec
  languageName: node
  linkType: hard

"circular-json@npm:^0.3.1":
  version: 0.3.3
  resolution: "circular-json@npm:0.3.3"
  checksum: 3/30598b91974a257768f69073a123264f299623e2a0c4dee19f7dbdea4cb2918d3a08ae9a56cb918b60a4d32d636f44fe56c0f49baec8f014231843082e2781db
  languageName: node
  linkType: hard

"cli-cursor@npm:^2.1.0":
  version: 2.1.0
  resolution: "cli-cursor@npm:2.1.0"
  dependencies:
    restore-cursor: ^2.0.0
  checksum: 3/df33c11b3c236c9238ec8112330e7a3f25d59c73b2cffea8ed4f9ab1881d93f8467d7a0920434a880e8cea37f264da5f26549f2afa350c764fac956c02fd841a
  languageName: node
  linkType: hard

"cli-width@npm:^2.0.0":
  version: 2.2.0
  resolution: "cli-width@npm:2.2.0"
  checksum: 3/0b3c1d53b2771dcca960d57979076d8d9a2065bda154a78029fcc9151d18f83d679c15c82d00c24f1365b744449225e9a931397848451887721f129d8e51aaa2
  languageName: node
  linkType: hard

"color-convert@npm:^1.9.0":
  version: 1.9.3
  resolution: "color-convert@npm:1.9.3"
  dependencies:
    color-name: 1.1.3
  checksum: 3/5f244daa3d1fe1f216d48878c550465067d15268688308554e613b7640a068f96588096d51f0b98b68f15d6ff6bb8ad24e172582ac8c0ad43fa4d3da60fd1b79
  languageName: node
  linkType: hard

"color-name@npm:1.1.3":
  version: 1.1.3
  resolution: "color-name@npm:1.1.3"
  checksum: 3/d8b91bb90aefc05b6ff568cf8889566dcc6269824df6f3c9b8ca842b18d7f4d089c07dc166808d33f22092d4a79167aa56a96a5ff0d21efab548bf44614db43b
  languageName: node
  linkType: hard

"concat-map@npm:0.0.1":
  version: 0.0.1
  resolution: "concat-map@npm:0.0.1"
  checksum: 3/554e28d9ee5aa6e061795473ee092cb3d3a2cbdb76c35416e0bb6e03f136d7d07676da387b2ed0ec4106cedbb6534080d9abc48ecc4a92b76406cf2d0c3c0c4b
  languageName: node
  linkType: hard

"cross-spawn@npm:^6.0.5":
  version: 6.0.5
  resolution: "cross-spawn@npm:6.0.5"
  dependencies:
    nice-try: ^1.0.4
    path-key: ^2.0.1
    semver: ^5.5.0
    shebang-command: ^1.2.0
    which: ^1.2.9
  checksum: 3/05fbbf957d9b81dc05fd799a238f6aacc2e7cc9783fff3f0e00439a97d6f269c90482571cbf1eeea17200fd119161a2d1f88aa49a8110b176e04f2a70825284f
  languageName: node
  linkType: hard

"debug@npm:^4.0.1":
  version: 4.1.0
  resolution: "debug@npm:4.1.0"
  dependencies:
    ms: ^2.1.1
  checksum: 3/8e58f1b5c9fd0a581f4445a41f41192409d94f310b45004c1d21160c784edf381e4ec24b3215b88181444654586c284d955f92294fc69bf03d81be39a96db7b6
  languageName: node
  linkType: hard

"deep-is@npm:~0.1.3":
  version: 0.1.3
  resolution: "deep-is@npm:0.1.3"
  checksum: 3/3de58f86af4dec86c8be531a5abaf2e6d8ea98fa2f1d81a3a778d0d8df920ee282043a6ef05bfb4eb699c8551df9ac1b808d4dc71d54cc40ab1efa5ce8792943
  languageName: node
  linkType: hard

"del@npm:^2.0.2":
  version: 2.2.2
  resolution: "del@npm:2.2.2"
  dependencies:
    globby: ^5.0.0
    is-path-cwd: ^1.0.0
    is-path-in-cwd: ^1.0.0
    object-assign: ^4.0.1
    pify: ^2.0.0
    pinkie-promise: ^2.0.0
    rimraf: ^2.2.8
  checksum: 3/c90e53388ea00fe39b2aac4cbcd8d316d1817c151f74e970d1e1b08c497b44a25307c665359c97cd9ae000dcb188c8eaba4e9dfac357f5e2b188c5caafdc69ef
  languageName: node
  linkType: hard

"doctrine@npm:^2.1.0":
  version: 2.1.0
  resolution: "doctrine@npm:2.1.0"
  dependencies:
    esutils: ^2.0.2
  checksum: 3/4aa55e46757cc11bff8efa67cdb679dd89e87c954ea9d88fad5a9198cfe0a73748085503d29bebcb143487d720a759a6bbe81d6848c94da46a55c7a366b9834e
  languageName: node
  linkType: hard

"escape-string-regexp@npm:^1.0.5":
  version: 1.0.5
  resolution: "escape-string-regexp@npm:1.0.5"
  checksum: 3/f9484b8b4c8827d816e0fd905c25ed4b561376a9c220e1430403ea84619bf680c76a883a48cff8b8e091daf55d6a497e37479f9787b9f15f3c421b6054289744
  languageName: node
  linkType: hard

"eslint-scope@npm:^4.0.0":
  version: 4.0.0
  resolution: "eslint-scope@npm:4.0.0"
  dependencies:
    esrecurse: ^4.1.0
    estraverse: ^4.1.1
  checksum: 3/05db70e76d51d6be024d37ae77ed4dd4ec2f07c116ace67e803f0bbd1905d9513123800f3b2317f9ca129bde8dcdb4f94270b93c1beb0cdbbbc36206e539315c
  languageName: node
  linkType: hard

"eslint-utils@npm:^1.3.1":
  version: 1.3.1
  resolution: "eslint-utils@npm:1.3.1"
  checksum: 3/b4d5e2445092b0bac77ab37f6bd733b2a89b906c935fa632a05b925c79569575dea51fb2efa4a1faacc22a8b537759bb4c61e435ad458e2394791d2d3c4ed01e
  languageName: node
  linkType: hard

"eslint-visitor-keys@npm:^1.0.0":
  version: 1.0.0
  resolution: "eslint-visitor-keys@npm:1.0.0"
  checksum: 3/b2b4475b1ffc2e0229878529ed8715ac2e3ea9215fc62ace4738832c8d90f6fa85945e74033a56d563b13bd839a7a75806ae38dda28904f8fe6f7e93ff856e53
  languageName: node
  linkType: hard

"eslint@npm:5.8.0":
  version: 5.8.0
  resolution: "eslint@npm:5.8.0"
  dependencies:
    "@babel/code-frame": ^7.0.0
    ajv: ^6.5.3
    chalk: ^2.1.0
    cross-spawn: ^6.0.5
    debug: ^4.0.1
    doctrine: ^2.1.0
    eslint-scope: ^4.0.0
    eslint-utils: ^1.3.1
    eslint-visitor-keys: ^1.0.0
    espree: ^4.0.0
    esquery: ^1.0.1
    esutils: ^2.0.2
    file-entry-cache: ^2.0.0
    functional-red-black-tree: ^1.0.1
    glob: ^7.1.2
    globals: ^11.7.0
    ignore: ^4.0.6
    imurmurhash: ^0.1.4
    inquirer: ^6.1.0
    is-resolvable: ^1.1.0
    js-yaml: ^3.12.0
    json-stable-stringify-without-jsonify: ^1.0.1
    levn: ^0.3.0
    lodash: ^4.17.5
    minimatch: ^3.0.4
    mkdirp: ^0.5.1
    natural-compare: ^1.4.0
    optionator: ^0.8.2
    path-is-inside: ^1.0.2
    pluralize: ^7.0.0
    progress: ^2.0.0
    regexpp: ^2.0.1
    require-uncached: ^1.0.3
    semver: ^5.5.1
    strip-ansi: ^4.0.0
    strip-json-comments: ^2.0.1
    table: ^5.0.2
    text-table: ^0.2.0
  bin:
    eslint: ./bin/eslint.js
  checksum: 3/58d04821261939f676a340ab110113cdb71dd2ef92508eda0423c15ba26bfc215ef4b8d4f266bf3b296edbdb8ab0dc8825fef2f0912d3edc8168ef3e48529034
  languageName: node
  linkType: hard

"espree@npm:^4.0.0":
  version: 4.1.0
  resolution: "espree@npm:4.1.0"
  dependencies:
    acorn: ^6.0.2
    acorn-jsx: ^5.0.0
    eslint-visitor-keys: ^1.0.0
  checksum: 3/b2e89de4da1a57977243ac8828d7dba0e6cbc67b570cf59d9a09a6624615bcb98861e0857ae59d86241f938f5bd6aa1bdbb26de6b6f4d752d87fe3ba64e85c7d
  languageName: node
  linkType: hard

"esprima@npm:^4.0.0":
  version: 4.0.1
  resolution: "esprima@npm:4.0.1"
  bin:
    esparse: ./bin/esparse.js
    esvalidate: ./bin/esvalidate.js
  checksum: 3/5df45a3d9c95c36800d028ba76d8d4e04e199932b58c2939f462f859fd583e7d39b4a12d3f97986cf272a28a5fe5948ee6e49e36ef63f67b5b48d82a635c5081
  languageName: node
  linkType: hard

"esquery@npm:^1.0.1":
  version: 1.0.1
  resolution: "esquery@npm:1.0.1"
  dependencies:
    estraverse: ^4.0.0
  checksum: 3/6a002e2a2134da81f67849749d6c9c177a6120ccbe207d21971c6f3f4ae5a98a41513abd07bff55fb60ef1b8476a077145cf59641649625d1311b6e7407bce46
  languageName: node
  linkType: hard

"esrecurse@npm:^4.1.0":
  version: 4.2.1
  resolution: "esrecurse@npm:4.2.1"
  dependencies:
    estraverse: ^4.1.0
  checksum: 3/9acfa287729037ccb63ee725df2214b313fe1296a91f58fe42b151e1af0d51558ac18486e53f5717477ad9306f7a79d4e20fc7f8bac486d3175f86ab2dc67f73
  languageName: node
  linkType: hard

"estraverse@npm:^4.0.0, estraverse@npm:^4.1.0, estraverse@npm:^4.1.1":
  version: 4.2.0
  resolution: "estraverse@npm:4.2.0"
  checksum: 3/1311f8a66780e0778b25531c875798105a3c4cf034ed28caa593e824da73af63cf91de47eeb9edd4780a2f956e033e662cc30a2df5dc49eeb300113fa8e9a88e
  languageName: node
  linkType: hard

"esutils@npm:^2.0.2":
  version: 2.0.2
  resolution: "esutils@npm:2.0.2"
  checksum: 3/5ff4f0babfbde9911704cc4a53c49f70ab5ee0ddcd02a3dbbd8f128cf6a2a9645a883505f0e55fed526c6341a306442cb0cc17dd1d8e3a307f6d76eca05ec31e
  languageName: node
  linkType: hard

"external-editor@npm:^3.0.0":
  version: 3.0.3
  resolution: "external-editor@npm:3.0.3"
  dependencies:
    chardet: ^0.7.0
    iconv-lite: ^0.4.24
    tmp: ^0.0.33
  checksum: 3/67e1662a6d013d024e88cd4e6f491aec1cf45767e313b1696581227d4f944d2da97fc04eede3c54c60e95e6a891c50ab155b347106c3e65828a00bba26b2c4c0
  languageName: node
  linkType: hard

"fast-deep-equal@npm:^2.0.1":
  version: 2.0.1
  resolution: "fast-deep-equal@npm:2.0.1"
  checksum: 3/ad315b79abe335f25271821447bdbbca5d7a6e5930da498fbb2628d28399e958a679adddbb665f5b2943bfd83d9dd375ac5fb45e9004c9516177008ebb7efc16
  languageName: node
  linkType: hard

"fast-json-stable-stringify@npm:^2.0.0":
  version: 2.0.0
  resolution: "fast-json-stable-stringify@npm:2.0.0"
  checksum: 3/6e7fe3b81314f96510fa335fd477858901497edade753f9a0c87201eb78189347346eed346a95608e882c1c41594736afd3fcf0bc6c3a8bacc69d76ed5f481af
  languageName: node
  linkType: hard

"fast-levenshtein@npm:~2.0.4":
  version: 2.0.6
  resolution: "fast-levenshtein@npm:2.0.6"
  checksum: 3/a2d03af3088b0397633e007fb3010ecfa4f91cae2116d2385653c59396a1b31467641afa672a79e6f82218518670dc144128378124e711e35dbf90bc82846f22
  languageName: node
  linkType: hard

"figures@npm:^2.0.0":
  version: 2.0.0
  resolution: "figures@npm:2.0.0"
  dependencies:
    escape-string-regexp: ^1.0.5
  checksum: 3/de1145903784bd0b8bca1716426825d0a608fa81f370e0779047ef3f8d4509896f81435093e62a887717aeed0b8c8a92da7953f7f506ca57e62cf95d12b6c65a
  languageName: node
  linkType: hard

"file-entry-cache@npm:^2.0.0":
  version: 2.0.0
  resolution: "file-entry-cache@npm:2.0.0"
  dependencies:
    flat-cache: ^1.2.1
    object-assign: ^4.0.1
  checksum: 3/f24e9a390539f93780ba34974e506f16ccd795e275f4debe062e744f4d97faa1647e1139765c39b65f8d63e52dd8ffb90c56a6484982ac54b4f9ea65da31b000
  languageName: node
  linkType: hard

"flat-cache@npm:^1.2.1":
  version: 1.3.0
  resolution: "flat-cache@npm:1.3.0"
  dependencies:
    circular-json: ^0.3.1
    del: ^2.0.2
    graceful-fs: ^4.1.2
    write: ^0.2.1
  checksum: 3/867253ab8f8884f3859a969963a8869f620472eb501d2afdc23539b3d690029b2d9c585086036fe91f1e0d6bb6d69c43b91598fcde2d26d208eea009b8b3af7c
  languageName: node
  linkType: hard

"fs.realpath@npm:^1.0.0":
  version: 1.0.0
  resolution: "fs.realpath@npm:1.0.0"
  checksum: 3/698a91b1695e3926185c9e5b0dd57cf687dceb4eb73799af91e6b2ab741735e2962c366c5af6403ffddae2619914193bd339efa706fdc984d0ffc74b7a3603f4
  languageName: node
  linkType: hard

"functional-red-black-tree@npm:^1.0.1":
  version: 1.0.1
  resolution: "functional-red-black-tree@npm:1.0.1"
  checksum: 3/477ecaf62d4f8d788876099b35ed4b97586b331e729d2d28d0df96b598863d21c18b8a45a6cbecb6c2bf7f5e5ef1e82a053570583ef9a0ff8336683ab42b8d14
  languageName: node
  linkType: hard

"glob@npm:^7.0.3, glob@npm:^7.0.5, glob@npm:^7.1.2":
  version: 7.1.3
  resolution: "glob@npm:7.1.3"
  dependencies:
    fs.realpath: ^1.0.0
    inflight: ^1.0.4
    inherits: 2
    minimatch: ^3.0.4
    once: ^1.3.0
    path-is-absolute: ^1.0.0
  checksum: 3/d9d1460afd650e0183bdf63a2b013ed5d29bddd7423699d6fdac30f4971bd0c3666c98b8074e9bf6b12b8f24fd21943cd6417c4947522a5a108e13c688149776
  languageName: node
  linkType: hard

"globals@npm:^11.7.0":
  version: 11.8.0
  resolution: "globals@npm:11.8.0"
  checksum: 3/41327c0401b05853838d1c990ba0bba853bb39da472c40b47307e4a8fb56f18d3fc4c798d1167296a328c4e7d5eb3756e8bd8340f4a0aaaa715cc0f7f8f34fe6
  languageName: node
  linkType: hard

"globby@npm:^5.0.0":
  version: 5.0.0
  resolution: "globby@npm:5.0.0"
  dependencies:
    array-union: ^1.0.1
    arrify: ^1.0.0
    glob: ^7.0.3
    object-assign: ^4.0.1
    pify: ^2.0.0
    pinkie-promise: ^2.0.0
  checksum: 3/0d1bb58790abd77c7daebb96d8843caa179ab30a336df06ccd92c3e876d4d7032fac82cec983af7970b01e1c800311db82f678a9e96608769e5c22a7c599c6cf
  languageName: node
  linkType: hard

"graceful-fs@npm:^4.1.2":
  version: 4.1.15
  resolution: "graceful-fs@npm:4.1.15"
  checksum: 3/4248d318a18b0e0b55d6393a393c72916fdf75a98c42b2278f992b08e30b4556faecd84715b53e76d00e6d466a1ab2e2e04ba45bef31fb87d4ca047eb56a3222
  languageName: node
  linkType: hard

"has-flag@npm:^3.0.0":
  version: 3.0.0
  resolution: "has-flag@npm:3.0.0"
  checksum: 3/63aade480d27aeedb3b5b63a2e069d47d0006bf182338d662e7941cdc024e68a28418e0efa8dc5df30db9c4ee2407f39e6ea3f16cfbc6b83848b450826a28aa0
  languageName: node
  linkType: hard

"iconv-lite@npm:^0.4.24":
  version: 0.4.24
  resolution: "iconv-lite@npm:0.4.24"
  dependencies:
    safer-buffer: ">= 2.1.2 < 3"
  checksum: 3/a9b9521066ee81853a8561e92bd7240bc5d3b7d5ef7da807a475e7858b0246e318b6af518c30a20a8749ef5eafeaa9631079446e4e696c7b60f468b34dc2cbfc
  languageName: node
  linkType: hard

"ignore@npm:^4.0.6":
  version: 4.0.6
  resolution: "ignore@npm:4.0.6"
  checksum: 3/8f7b7f7c261d110604aed4340771933b0a42ffd2075e87bf8b4229ceb679659c5384c99e25c059f53a2b0e16cebaa4c49f7e837d1f374d1abf91fea46ccddd1a
  languageName: node
  linkType: hard

"imurmurhash@npm:^0.1.4":
  version: 0.1.4
  resolution: "imurmurhash@npm:0.1.4"
  checksum: 3/34d414d789286f6ef4d2b954c76c7df40dd7cabffef9b9959c8bd148677e98151f4fa5344aae2e3ad2b62308555ccbba3022e535a3e24288c9babb1308e35532
  languageName: node
  linkType: hard

"inflight@npm:^1.0.4":
  version: 1.0.6
  resolution: "inflight@npm:1.0.6"
  dependencies:
    once: ^1.3.0
    wrappy: 1
  checksum: 3/17c53fc42cbe7f7f471d2bc41b97a0cde4b79a74d5ff59997d3f75210566fa278e17596da526d43de2bd07e222706240ce50e60097e54f2cde2e64cbbb372638
  languageName: node
  linkType: hard

"inherits@npm:2":
  version: 2.0.3
  resolution: "inherits@npm:2.0.3"
  checksum: 3/9488f9433effbc24474f6baee8014e5337c7f99305ecb4204fa5864ae7655c24225780d87fc65ed8d3d374715a18c5dc8c69fe3bf9745cde2e7acd0ac068a07b
  languageName: node
  linkType: hard

"inquirer@npm:^6.1.0":
  version: 6.2.0
  resolution: "inquirer@npm:6.2.0"
  dependencies:
    ansi-escapes: ^3.0.0
    chalk: ^2.0.0
    cli-cursor: ^2.1.0
    cli-width: ^2.0.0
    external-editor: ^3.0.0
    figures: ^2.0.0
    lodash: ^4.17.10
    mute-stream: 0.0.7
    run-async: ^2.2.0
    rxjs: ^6.1.0
    string-width: ^2.1.0
    strip-ansi: ^4.0.0
    through: ^2.3.6
  checksum: 3/c8acd824d9b07918455f92b3cce2e0424c9e3e8a894aac3cf33ce672c3f8a3cb8b7cf810ba33846a35e94da016a1a754953a8b5ec2f8e466695f0ce30d202d6c
  languageName: node
  linkType: hard

"is-fullwidth-code-point@npm:^2.0.0":
  version: 2.0.0
  resolution: "is-fullwidth-code-point@npm:2.0.0"
  checksum: 3/e1e5284f848ab6885665967cd768292a75022304d4401e78937a68f423047c29bfe87a43a9cdb67a3210fff7bcd5da51469122a0eff59b03261c379e58dbe921
  languageName: node
  linkType: hard

"is-path-cwd@npm:^1.0.0":
  version: 1.0.0
  resolution: "is-path-cwd@npm:1.0.0"
  checksum: 3/87c9ebabcf69a8f8f1233e3bbf9471444acea7ee5edfe504efe5d0836c9ccb22a19054719cb20a8b12d7e48983a35c92dc118a5b5bb1254e381f961450a472ef
  languageName: node
  linkType: hard

"is-path-in-cwd@npm:^1.0.0":
  version: 1.0.1
  resolution: "is-path-in-cwd@npm:1.0.1"
  dependencies:
    is-path-inside: ^1.0.0
  checksum: 3/71109b1f36a90fe87d31b235ba1295b29ea5ca9478362630a3c6bfddf4a90373bedf92bb712138a44122b56cb25031374995eb9ade0fdbdb16207062b8413a4c
  languageName: node
  linkType: hard

"is-path-inside@npm:^1.0.0":
  version: 1.0.1
  resolution: "is-path-inside@npm:1.0.1"
  dependencies:
    path-is-inside: ^1.0.1
  checksum: 3/7ccbc0bedfb98d07191f9a6c839f78ffb102c24fb77f58ecca52fec13d618d15b7bd52d6335637a80c8830bc4864849adda8fd4107755a96747d690336190beb
  languageName: node
  linkType: hard

"is-promise@npm:^2.1.0":
  version: 2.1.0
  resolution: "is-promise@npm:2.1.0"
  checksum: 3/3387cf8d8720439e3f8945e962ecf7590df81dfc89bcfea97f41b7db317c8997a82224014fc8f81e3634841f97b5bf103d8584d3ecdd7b6e159a793d8e3f6ad1
  languageName: node
  linkType: hard

"is-resolvable@npm:^1.1.0":
  version: 1.1.0
  resolution: "is-resolvable@npm:1.1.0"
  checksum: 3/ef1a289c54e1115f668cd4fbfd6dc53d6bfa02c2c12e812a578aefbe795b72339cde37e9ee5709d15a21009cadadba2c61cf810f2dd1da29e3c651776c98dda8
  languageName: node
  linkType: hard

"isexe@npm:^2.0.0":
  version: 2.0.0
  resolution: "isexe@npm:2.0.0"
  checksum: 3/7b437980bb77881a146fba85cfbdf01edc2b148673e9c2722a1e49661fea73adf524430a80fdbfb8ce9f60d43224e682c657c45030482bd39e0c488fc29b4afe
  languageName: node
  linkType: hard

"js-tokens@npm:^4.0.0":
  version: 4.0.0
  resolution: "js-tokens@npm:4.0.0"
  checksum: 3/1fc4e4667ac2d972aba65148b9cbf9c17566b2394d3504238d8492bbd3e68f496c657eab06b26b40b17db5cac0a34d153a12130e2d2d2bb6dc2cdc8a4764eb1b
  languageName: node
  linkType: hard

"js-yaml@npm:^3.12.0":
  version: 3.12.0
  resolution: "js-yaml@npm:3.12.0"
  dependencies:
    argparse: ^1.0.7
    esprima: ^4.0.0
  bin:
    js-yaml: bin/js-yaml.js
  checksum: 3/530dc0df37d731136110e78cdea476454ca7ca27a79e7e6ac1b21ae246bc369dbc4a5716f7bea6e6463c1dac0ff5bcbbc9dc0bc96ff3a66ec5bdcadb86680adf
  languageName: node
  linkType: hard

"json-schema-traverse@npm:^0.4.1":
  version: 0.4.1
  resolution: "json-schema-traverse@npm:0.4.1"
  checksum: 3/6f71bddba38aa043cf9c05ff9cf37158a6657909f1dd37032ba164b76923da47a17bb4592ee4f7f9c029dfaf26965b821ac214c1f991bb3bd038c9cfea2da50b
  languageName: node
  linkType: hard

"json-stable-stringify-without-jsonify@npm:^1.0.1":
  version: 1.0.1
  resolution: "json-stable-stringify-without-jsonify@npm:1.0.1"
  checksum: 3/a01b6c65413b2d0dd6797004ace6166bb6f8a0a2a77c742966021c74233cebe48de3c33223f003a9e8e4a241bb882fe92141e538e7e1dad58afd32649444e269
  languageName: node
  linkType: hard

"levn@npm:^0.3.0, levn@npm:~0.3.0":
  version: 0.3.0
  resolution: "levn@npm:0.3.0"
  dependencies:
    prelude-ls: ~1.1.2
    type-check: ~0.3.2
  checksum: 3/775861da38dcb7e5f1de5bea2a1c7ffaede6e9e8632cfbac76be145ecb295370f46bb41307613c283d66f1fee5d8cc448ca3323c4a02d0fb1e913b2f78de2abb
  languageName: node
  linkType: hard

"lodash@npm:^4.17.10, lodash@npm:^4.17.5":
  version: 4.17.11
  resolution: "lodash@npm:4.17.11"
  checksum: 3/8b49646c6515b412b3310362b4709616a4f631475728bc1c2e00f60f1e8dbed9c0633ff633ae76ce75472e2e96ce3253338e4c27193781471115817e4b0efe54
  languageName: node
  linkType: hard

"mimic-fn@npm:^1.0.0":
  version: 1.2.0
  resolution: "mimic-fn@npm:1.2.0"
  checksum: 3/159155e209bdbccae0bf8cd4b4065543fe7a82161541d9860c223583e92e0ae092d809b9f3c2aced74fc00362ff338bfeeec793bf3e14cf27c615a1e3009394d
  languageName: node
  linkType: hard

"minimatch@npm:^3.0.4":
  version: 3.0.4
  resolution: "minimatch@npm:3.0.4"
  dependencies:
    brace-expansion: ^1.1.7
  checksum: 3/47eab9263962cacd5733e274ecad2d8e54b0f8e124ba35ae69189e296058f634a4967b87a98954f86fa5c830ff177caf827ce0136d28717ed3232951fb4fae62
  languageName: node
  linkType: hard

"minimist@npm:0.0.8":
  version: 0.0.8
  resolution: "minimist@npm:0.0.8"
  checksum: 3/d71c4684bce92f9c0500e103498adb5e45bbda551763132a703306c2dab6f3a1f69eb6448c3ff3ea73fb562285dfd6ee3a354d5c0e5dd52e3d5f3037c82c0935
  languageName: node
  linkType: hard

"mkdirp@npm:^0.5.1":
  version: 0.5.1
  resolution: "mkdirp@npm:0.5.1"
  dependencies:
    minimist: 0.0.8
  bin:
    mkdirp: bin/cmd.js
  checksum: 3/8ef65f4f0c7642b2f6e7af417eb9f3f24e8d1e4d612eddc5b1ee3b0ef974ccfaafb38bba6cc9178510c5aae82a6ef9ad85037448c9856b2fb8308162a7c8987e
  languageName: node
  linkType: hard

"ms@npm:^2.1.1":
  version: 2.1.1
  resolution: "ms@npm:2.1.1"
  checksum: 3/81ad38c74df2473ce9fbed8bb71a00220c3d9e237ebd576306c9f6ca3221b251d602c7d199808944be1a3d7cda5883e72c77adb473734ba30f6e032165e05ebc
  languageName: node
  linkType: hard

"mute-stream@npm:0.0.7":
  version: 0.0.7
  resolution: "mute-stream@npm:0.0.7"
  checksum: 3/698fe32d888ed57c041df482b5cd43f4f51db373191c2e658db728bddfb090294952e11eee585752b8c9e8a02e83c7e47fb6b1664dd1effc685ae38fb1d8bf95
  languageName: node
  linkType: hard

"natural-compare@npm:^1.4.0":
  version: 1.4.0
  resolution: "natural-compare@npm:1.4.0"
  checksum: 3/2daf93d9bb516eddb06e2e80657a605af2e494d47c65d090ba43691aaffbc41f520840f1c9d3b7b641977af950217a4ab6ffb85bafcd5dfa8ba6fe4e68c43b53
  languageName: node
  linkType: hard

"nice-try@npm:^1.0.4":
  version: 1.0.5
  resolution: "nice-try@npm:1.0.5"
  checksum: 3/330f190bf68146a560008b661e1ddbb2eac667c16990b6bf791516d89cceb707ec67901ad647d2b32674bfa816b916489cead5c2fb6e96864c659573ab5aa3bb
  languageName: node
  linkType: hard

"object-assign@npm:^4.0.1":
  version: 4.1.1
  resolution: "object-assign@npm:4.1.1"
  checksum: 3/66cf021898fc1b13ea573ea8635fbd5a76533f50cecbc2fcd5eee1e8029af41bcebe7023788b6d0e06cbe4401ecea075d972f78ec74467cdc571a0f1a4d1a081
  languageName: node
  linkType: hard

"once@npm:^1.3.0":
  version: 1.4.0
  resolution: "once@npm:1.4.0"
  dependencies:
    wrappy: 1
  checksum: 3/57afc246536cf6494437f982b26475f22bee860f8b77ce8eb1543f42a8bffe04b2c66ddfea9a16cb25ccb80943f8ee4fc639367ef97b7a6a4f2672eb573963f5
  languageName: node
  linkType: hard

"onetime@npm:^2.0.0":
  version: 2.0.1
  resolution: "onetime@npm:2.0.1"
  dependencies:
    mimic-fn: ^1.0.0
  checksum: 3/a4f56fdd3ad40618c06be5dd601dcdc6f6567cc8da7a8955eb208fc027b5f2eec052b15f3097b4575728a2928c24c9d6deaac7bf53883d9d8ffe13abdccdec08
  languageName: node
  linkType: hard

"optionator@npm:^0.8.2":
  version: 0.8.2
  resolution: "optionator@npm:0.8.2"
  dependencies:
    deep-is: ~0.1.3
    fast-levenshtein: ~2.0.4
    levn: ~0.3.0
    prelude-ls: ~1.1.2
    type-check: ~0.3.2
    wordwrap: ~1.0.0
  checksum: 3/4eab4a2ef774f9b11b02be14143dc44508875c075b9a15c1b2549f97d56f1c1f3fd6edfa4f24cf0607ad4f7cd9610c460233c6028b8aaaf2c718fd4fd0eeb728
  languageName: node
  linkType: hard

"os-tmpdir@npm:~1.0.2":
  version: 1.0.2
  resolution: "os-tmpdir@npm:1.0.2"
  checksum: 3/ca158a3c2e48748adc7736cdbe4c593723f8ed8581d2aae2f2a30fdb9417d4ba14bed1cd487d47561898a7b1ece88bce69745e9ce0303e1dea9ea7d22d1f1082
  languageName: node
  linkType: hard

"path-is-absolute@npm:^1.0.0":
  version: 1.0.1
  resolution: "path-is-absolute@npm:1.0.1"
  checksum: 3/907e1e3e6ac0aef6e65adffd75b3892191d76a5b94c5cf26b43667c4240531d11872ca6979c209b2e5e1609f7f579d02f64ba9936b48bb59d36cc529f0d965ed
  languageName: node
  linkType: hard

"path-is-inside@npm:^1.0.1, path-is-inside@npm:^1.0.2":
  version: 1.0.2
  resolution: "path-is-inside@npm:1.0.2"
  checksum: 3/9c1841199d18398ee5f6d79f57eaa57f8eb85743353ea97c6d933423f246f044575a10c1847c638c36440b050aef82665b9cb4fc60950866cd239f3d51835ef4
  languageName: node
  linkType: hard

"path-key@npm:^2.0.1":
  version: 2.0.1
  resolution: "path-key@npm:2.0.1"
  checksum: 3/7dc807a2baa11d6bc0fca72148a0a0ca69ab73d98fbe42e10d22764d1ef547767f2b4ff827c6bc66e733388cd8d54297a45a39499825b9fdfd18959202384029
  languageName: node
  linkType: hard

"pify@npm:^2.0.0":
  version: 2.3.0
  resolution: "pify@npm:2.3.0"
  checksum: 3/d5758aa570bbd5969c62b5f745065006827ef4859b32af302e3df2bb5978e6c1e50c2360d7ffefa102e451084f4530115c84570c185ba5153ee9871c977fe278
  languageName: node
  linkType: hard

"pinkie-promise@npm:^2.0.0":
  version: 2.0.1
  resolution: "pinkie-promise@npm:2.0.1"
  dependencies:
    pinkie: ^2.0.0
  checksum: 3/1e32e05ffdfb691b04a42d05d5452698853099efe1bab70bfa538e9a793e609b66cc59180cc5fc2158062a2fc5991c9c268a82b2b655247aa005020167e31d75
  languageName: node
  linkType: hard

"pinkie@npm:^2.0.0":
  version: 2.0.4
  resolution: "pinkie@npm:2.0.4"
  checksum: 3/2cb484c9da47b2f420fddffe7cbfeac950106a848343d147c2b2668d12b71aa3d09297bfe37ec32539a27c6dc7db414414f5ee166d6b2ca0d95f6dfe9dde60d7
  languageName: node
  linkType: hard

"pluralize@npm:^7.0.0":
  version: 7.0.0
  resolution: "pluralize@npm:7.0.0"
  checksum: 3/d35d8aeda1eb2f81123131e76ed0f2f48d681abfa4c46e4c6fdd6dca622650c8bd531aa0c5a3c7f779bd9660d08ceb51660e1f55def4bd14328ecfa76fe69962
  languageName: node
  linkType: hard

"prelude-ls@npm:~1.1.2":
  version: 1.1.2
  resolution: "prelude-ls@npm:1.1.2"
  checksum: 3/189c969c92151b0de7a6e5d2ae0c4e50bbec5675cdd9fee3b7509d9d74b6416787ee36a8c12a07e8afb01454a8185b695b3395912484fa118e071fea45223b9b
  languageName: node
  linkType: hard

"progress@npm:^2.0.0":
  version: 2.0.1
  resolution: "progress@npm:2.0.1"
  checksum: 3/7796c1cfee287232696cdb34708cef1b753ecddff3a56fa415a798f4a9e879ae049a16ec50af80aa040d62275e96bba67a7af47727922e7e50476e265802320d
  languageName: node
  linkType: hard

"punycode@npm:^2.1.0":
  version: 2.1.1
  resolution: "punycode@npm:2.1.1"
  checksum: 3/0202dc191cb35bfd88870ac99a1e824b03486d4cee20b543ef337a6dee8d8b11017da32a3e4c40b69b19976e982c030b62bd72bba42884acb691bc5ef91354c8
  languageName: node
  linkType: hard

"regexpp@npm:^2.0.1":
  version: 2.0.1
  resolution: "regexpp@npm:2.0.1"
  checksum: 3/e537f6c1b59f31a8d6381c64408d7a852aa98794896702fdadef2fa8b049f7d876da30cd0c6f6a64488aa58ad3b225d606cc689059628056b5a593e5422c38d6
  languageName: node
  linkType: hard

"require-uncached@npm:^1.0.3":
  version: 1.0.3
  resolution: "require-uncached@npm:1.0.3"
  dependencies:
    caller-path: ^0.1.0
    resolve-from: ^1.0.0
  checksum: 3/8aea7291a0196dbcd668cb28baec6f416fa3278430352d9453d1b3c04cca117a30bf7f8d1a1da6bbd37229d6ada0c71ea06775e22b43f2f7f6dd743cf9129ae7
  languageName: node
  linkType: hard

"resolve-from@npm:^1.0.0":
  version: 1.0.1
  resolution: "resolve-from@npm:1.0.1"
  checksum: 3/d42c04e596aa8747c763a1e2515cb4708c440a33921a31eced09e9bb971f92f136659a93606bb8bcd39a1eff25a41c8ed36ef42a3b894ba244d61ba64cc74a86
  languageName: node
  linkType: hard

"restore-cursor@npm:^2.0.0":
  version: 2.0.0
  resolution: "restore-cursor@npm:2.0.0"
  dependencies:
    onetime: ^2.0.0
    signal-exit: ^3.0.2
  checksum: 3/950c88d84a4cb44d4db29766ab1f2c95e2d23e89a9c65e95e5ecc83be061d0405c5f9366ce6e53b769c9e718acd3be523cba55a9bd5e898b0d7ca1e69194438d
  languageName: node
  linkType: hard

"rimraf@npm:^2.2.8":
  version: 2.6.2
  resolution: "rimraf@npm:2.6.2"
  dependencies:
    glob: ^7.0.5
  bin:
    rimraf: ./bin.js
  checksum: 3/81b4c086c1bdcffcbc972ca784d4f34ded3151a468c7449e308cfcf4b669ab9489e62140500dd00ee586e15ce823abcae76c550cc265b5eda6525fe1b99d30bc
  languageName: node
  linkType: hard

"run-async@npm:^2.2.0":
  version: 2.3.0
  resolution: "run-async@npm:2.3.0"
  dependencies:
    is-promise: ^2.1.0
  checksum: 3/a488425557ecbcd415e250b9b103c57feb4790b1b585607aad5d3f58c3a2f3fdaaa551c0f14d46b046324f7eaa5f7bc2e7dea08fb0c9717c5587d80595045a81
  languageName: node
  linkType: hard

"rxjs@npm:^6.1.0":
  version: 6.3.3
  resolution: "rxjs@npm:6.3.3"
  dependencies:
    tslib: ^1.9.0
  checksum: 3/d0d7d576a0c9f6849c90df97aa668a121ac48c8ee44a95120ab73b75941baefa08991a3c559a2ac5ac6375a7301b2da823a840f57fb85d9b7c1a9d1efb01153a
  languageName: node
  linkType: hard

"safer-buffer@npm:>= 2.1.2 < 3":
  version: 2.1.2
  resolution: "safer-buffer@npm:2.1.2"
  checksum: 3/549ba83f5b314b59898efe3422120ce1ca7987a6eae5925a5fa5db930dc414d4a9dde0a5594f89638cd6ea60b6840ea961872908933ac2428d1726489db46fa5
  languageName: node
  linkType: hard

"semver@npm:^5.5.0, semver@npm:^5.5.1":
  version: 5.6.0
  resolution: "semver@npm:5.6.0"
  bin:
    semver: ./bin/semver
  checksum: 3/7e7b2f9a72b5ad7e123c28ba44398cad73e55b2ecb8634cf7ef9d4bb3d93ffab5315a0cb505f2f735edebc381fc689bd2bf3e952f8318cdfc88947e99898bf69
  languageName: node
  linkType: hard

"shebang-command@npm:^1.2.0":
  version: 1.2.0
  resolution: "shebang-command@npm:1.2.0"
  dependencies:
    shebang-regex: ^1.0.0
  checksum: 3/2a1e0092a6b80b14ec742ef4e982be8aa670edc7de3e8c68b26744fb535051f7d92518106387b52e9aabe0c1ceae33d23a7dfdb94c3d7f5035c3868b723a2854
  languageName: node
  linkType: hard

"shebang-regex@npm:^1.0.0":
  version: 1.0.0
  resolution: "shebang-regex@npm:1.0.0"
  checksum: 3/cf1a41cb09023e7d39739d7145fcba57c3fabc6728b78ce706f7315cf52dfadf30f7eea664e069224fbcbbfb6ab853bc55ac45f494b47ee73fc209c98487fae5
  languageName: node
  linkType: hard

"signal-exit@npm:^3.0.2":
  version: 3.0.2
  resolution: "signal-exit@npm:3.0.2"
  checksum: 3/e4a13a074d8f32d804950dd21490295513c683a5692685b96087b29de3b74990e798c61c7bd4c6133c34c890f6133ad6361e26fd6a7b142b86aa4df13449444e
  languageName: node
  linkType: hard

"slice-ansi@npm:1.0.0":
  version: 1.0.0
  resolution: "slice-ansi@npm:1.0.0"
  dependencies:
    is-fullwidth-code-point: ^2.0.0
  checksum: 3/f9b7528def4df379ff5262f941414fe23d92b3f3bfe95861a1c9e87c16f94017e1716a6385dc5c6cb4385b2d016553442a99040915e4cf6fbd09680bcc173f1a
  languageName: node
  linkType: hard

"sprintf-js@npm:~1.0.2":
  version: 1.0.3
  resolution: "sprintf-js@npm:1.0.3"
  checksum: 3/51df1bce9e577287f56822d79ac5bd94f6c634fccf193895f2a1d2db2e975b6aa7bc97afae9cf11d49b7c37fe4afc188ff5c4878be91f2c86eabd11c5df8b62c
  languageName: node
  linkType: hard

"string-width@npm:^2.1.0, string-width@npm:^2.1.1":
  version: 2.1.1
  resolution: "string-width@npm:2.1.1"
  dependencies:
    is-fullwidth-code-point: ^2.0.0
    strip-ansi: ^4.0.0
  checksum: 3/906b4887c39d247e9d12dfffb42bfe68655b52d27758eb13e069dce0f4cf2e7f82441dbbe44f7279298781e6f68e1c659451bd4d9e2bbe9d487a157ad14ae1bd
  languageName: node
  linkType: hard

"strip-ansi@npm:^4.0.0":
  version: 4.0.0
  resolution: "strip-ansi@npm:4.0.0"
  dependencies:
    ansi-regex: ^3.0.0
  checksum: 3/9ac63872c2ba5e8a946c6f3a9c1ab81db5b43bce0d24a33b016e5666d3efda421f721447a1962611053a3ca1595b8742b0216fcc25886958d4565b7afcd27013
  languageName: node
  linkType: hard

"strip-json-comments@npm:^2.0.1":
  version: 2.0.1
  resolution: "strip-json-comments@npm:2.0.1"
  checksum: 3/e60d99aa2849c27a04dce0620334f45822197df6b83664dd3746971e9a0a766d989dbb8d87f9cb7350725d2b5df401a2343222ad06e36a1ba7d62c6633267fcb
  languageName: node
  linkType: hard

"supports-color@npm:^5.3.0":
  version: 5.5.0
  resolution: "supports-color@npm:5.5.0"
  dependencies:
    has-flag: ^3.0.0
  checksum: 3/edacee6425498440744c418be94b0660181aad2a1828bcf2be85c42bd385da2fd8b2b358d9b62b0c5b03ff5cd3e992458d7b8f879d9fb42f2201fe05a4848a29
  languageName: node
  linkType: hard

"table@npm:^5.0.2":
  version: 5.1.0
  resolution: "table@npm:5.1.0"
  dependencies:
    ajv: ^6.5.3
    lodash: ^4.17.10
    slice-ansi: 1.0.0
    string-width: ^2.1.1
  checksum: 3/8d14a0010d84285fe3c0ecdf363276dffbf0254b65c3b95838fe0a9c422d1c456bacd1539ffb21a610e029d33249a76d43ed95a7382f10901b76da6b43e639ab
  languageName: node
  linkType: hard

"text-table@npm:^0.2.0":
  version: 0.2.0
  resolution: "text-table@npm:0.2.0"
  checksum: 3/373904ce70524ba11ec7e1905c44fb92671132d5e0b0aba2fb48057161f8bf9cbf7f6178f0adf31810150cf44fb52c7b912dc722bff3fddf9688378596dbeb56
  languageName: node
  linkType: hard

"through@npm:^2.3.6":
  version: 2.3.8
  resolution: "through@npm:2.3.8"
  checksum: 3/918d9151680b5355990011eb8c4b02e8cb8cf6e9fb6ea3d3e5a1faa688343789e261634ae35de4ea9167ab029d1e7bac6af2fe61b843931768d405fdc3e8897c
  languageName: node
  linkType: hard

"tmp@npm:^0.0.33":
  version: 0.0.33
  resolution: "tmp@npm:0.0.33"
  dependencies:
    os-tmpdir: ~1.0.2
  checksum: 3/77666ca424a78fcfcc27a6576f24f01aa1300b10d22e4f1808809e560777672dd2d4a112604ab2ad86ec7cafd24472b9ccc41373c2b5b83797f27e6aff06cbe5
  languageName: node
  linkType: hard

"tslib@npm:^1.9.0":
  version: 1.9.3
  resolution: "tslib@npm:1.9.3"
  checksum: 3/7a776542776e0a05508bc96d27bb3e301b6cfce6308cfdcf73b6decebd3c7da3dd2ebbff8cc6fe2a13a31013a9bede5159d637c00d44f34f7f7420ae986a460e
  languageName: node
  linkType: hard

"type-check@npm:~0.3.2":
  version: 0.3.2
  resolution: "type-check@npm:0.3.2"
  dependencies:
    prelude-ls: ~1.1.2
  checksum: 3/4e080645319c12bb78119f7e8bb333cab8dacad2c1988597aabf44da985ad36fce3419707e93ed0fc84514b7eec94e4d8817e33d0aab8c81de394916e00d6806
  languageName: node
  linkType: hard

"uri-js@npm:^4.2.2":
  version: 4.2.2
  resolution: "uri-js@npm:4.2.2"
  dependencies:
    punycode: ^2.1.0
  checksum: 3/651a49f55d6d65a15e589ed5ffa23bf99e495699e246c1c3fecbe6f232c675589fdae4e93a88608525ff130f39b6fb854c19982820813a2d94c005c11eafd7ed
  languageName: node
  linkType: hard

"which@npm:^1.2.9":
  version: 1.3.1
  resolution: "which@npm:1.3.1"
  dependencies:
    isexe: ^2.0.0
  bin:
    which: ./bin/which
  checksum: 3/298d95f9c185c4da22c1bfb1fdfa37c2ba56df8a6b98706ab361bf31a7d3a4845afaecfc48d4de7a259048842b5f2977f51b56f5c06c1f6a83dcf5a9e3de634a
  languageName: node
  linkType: hard

"wordwrap@npm:~1.0.0":
  version: 1.0.0
  resolution: "wordwrap@npm:1.0.0"
  checksum: 3/b4f3f8104a727d1b08e77f43f3692977146f13074392747a3d9cfd631d0fc3ff1c0c034d44fcd7a22183c6505d2fc305421e3512671f8a56f903055671ace4ce
  languageName: node
  linkType: hard

"wrappy@npm:1":
  version: 1.0.2
  resolution: "wrappy@npm:1.0.2"
  checksum: 3/519fcda0fcdf0c16327be2de9d98646742307bc830277e8868529fcf7566f2b330a6453c233e0cdcb767d5838dd61a90984a02ecc983bcddebea5ad0833bbf98
  languageName: node
  linkType: hard

"write@npm:^0.2.1":
  version: 0.2.1
  resolution: "write@npm:0.2.1"
  dependencies:
    mkdirp: ^0.5.1
  checksum: 3/3d51ccb5aefca052a21ae409d2b2fd2e2207da9dc745e91a99942fbd19d0526a7eb1e14afd2e773544cf51bcd77a8ddb4f0601c5de49f135cddb3c7f764c1f20
  languageName: node
  linkType: hard
